// !$*UTF8*$!
{
	archiveVersion = 1;
	classes = {
	};
	objectVersion = 56;
	objects = {

/* Begin PBXBuildFile section */
		F10ABE7F2C48241400FF52DF /* EpisodeModel.swift in Sources */ = {isa = PBXBuildFile; fileRef = F10ABE7E2C48241400FF52DF /* EpisodeModel.swift */; };
		F10ABE812C48269500FF52DF /* CharacterRowView.swift in Sources */ = {isa = PBXBuildFile; fileRef = F10ABE802C48269500FF52DF /* CharacterRowView.swift */; };
		F10ABE832C4826F900FF52DF /* DeveloperPreview.swift in Sources */ = {isa = PBXBuildFile; fileRef = F10ABE822C4826F900FF52DF /* DeveloperPreview.swift */; };
		F10ABE852C48359700FF52DF /* CharacterViewModel.swift in Sources */ = {isa = PBXBuildFile; fileRef = F10ABE842C48359700FF52DF /* CharacterViewModel.swift */; };
		F15C140A2C49402C0082F879 /* NetworkingErrors.swift in Sources */ = {isa = PBXBuildFile; fileRef = F15C14092C49402C0082F879 /* NetworkingErrors.swift */; };
		F167363E2C4962B900E951BC /* DetailView.swift in Sources */ = {isa = PBXBuildFile; fileRef = F167363D2C4962B900E951BC /* DetailView.swift */; };
		F16FE80B2C47C68A001F8770 /* RickAndMortyCharactersApp.swift in Sources */ = {isa = PBXBuildFile; fileRef = F16FE80A2C47C68A001F8770 /* RickAndMortyCharactersApp.swift */; };
		F16FE80D2C47C68A001F8770 /* CharactersView.swift in Sources */ = {isa = PBXBuildFile; fileRef = F16FE80C2C47C68A001F8770 /* CharactersView.swift */; };
		F16FE80F2C47C68C001F8770 /* Assets.xcassets in Resources */ = {isa = PBXBuildFile; fileRef = F16FE80E2C47C68C001F8770 /* Assets.xcassets */; };
		F16FE8122C47C68C001F8770 /* Preview Assets.xcassets in Resources */ = {isa = PBXBuildFile; fileRef = F16FE8112C47C68C001F8770 /* Preview Assets.xcassets */; };
		F16FE81F2C47DCD4001F8770 /* CharacterModel.swift in Sources */ = {isa = PBXBuildFile; fileRef = F16FE81E2C47DCD4001F8770 /* CharacterModel.swift */; };
		F16FE8222C480B09001F8770 /* Color.swift in Sources */ = {isa = PBXBuildFile; fileRef = F16FE8212C480B09001F8770 /* Color.swift */; };
		F1A203032C49C769000BC34B /* LocalFileManager.swift in Sources */ = {isa = PBXBuildFile; fileRef = F1A203022C49C769000BC34B /* LocalFileManager.swift */; };
		F1A203052C49CB87000BC34B /* CharacterImageViewModel.swift in Sources */ = {isa = PBXBuildFile; fileRef = F1A203042C49CB87000BC34B /* CharacterImageViewModel.swift */; };
		F1A203072C49D37F000BC34B /* CharacterImageView.swift in Sources */ = {isa = PBXBuildFile; fileRef = F1A203062C49D37F000BC34B /* CharacterImageView.swift */; };
		F1A203092C49E900000BC34B /* EpisodesViewModel.swift in Sources */ = {isa = PBXBuildFile; fileRef = F1A203082C49E8FF000BC34B /* EpisodesViewModel.swift */; };
		F1A21CE12C4A8AF300743ED0 /* FilterView.swift in Sources */ = {isa = PBXBuildFile; fileRef = F1A21CE02C4A8AF300743ED0 /* FilterView.swift */; };
		F1A21CE32C4AA43D00743ED0 /* NothingFoundView.swift in Sources */ = {isa = PBXBuildFile; fileRef = F1A21CE22C4AA43D00743ED0 /* NothingFoundView.swift */; };
		F1A21CE52C4AB0D300743ED0 /* FilterViewModel.swift in Sources */ = {isa = PBXBuildFile; fileRef = F1A21CE42C4AB0D300743ED0 /* FilterViewModel.swift */; };
		F1D4BD712C4854CC00877C97 /* InfoModel.swift in Sources */ = {isa = PBXBuildFile; fileRef = F1D4BD702C4854CC00877C97 /* InfoModel.swift */; };
		F1D4D7972C4A7A9000F3623F /* FilterBarView.swift in Sources */ = {isa = PBXBuildFile; fileRef = F1D4D7962C4A7A9000F3623F /* FilterBarView.swift */; };
		F1E4A72C2C4D7F3300821D7A /* NavigationController.swift in Sources */ = {isa = PBXBuildFile; fileRef = F1E4A72B2C4D7F3300821D7A /* NavigationController.swift */; };
		F1FA13C12C4AB4E700644061 /* LaunchScreen.storyboard in Resources */ = {isa = PBXBuildFile; fileRef = F1FA13C02C4AB4E700644061 /* LaunchScreen.storyboard */; };
		F1FA13C32C4AB9F200644061 /* NetworkErrorView.swift in Sources */ = {isa = PBXBuildFile; fileRef = F1FA13C22C4AB9F200644061 /* NetworkErrorView.swift */; };
		F1FA13C52C4ABD6C00644061 /* NetworkMonitor.swift in Sources */ = {isa = PBXBuildFile; fileRef = F1FA13C42C4ABD6C00644061 /* NetworkMonitor.swift */; };
/* End PBXBuildFile section */

/* Begin PBXFileReference section */
		F10ABE7E2C48241400FF52DF /* EpisodeModel.swift */ = {isa = PBXFileReference; lastKnownFileType = sourcecode.swift; path = EpisodeModel.swift; sourceTree = "<group>"; };
		F10ABE802C48269500FF52DF /* CharacterRowView.swift */ = {isa = PBXFileReference; lastKnownFileType = sourcecode.swift; path = CharacterRowView.swift; sourceTree = "<group>"; };
		F10ABE822C4826F900FF52DF /* DeveloperPreview.swift */ = {isa = PBXFileReference; lastKnownFileType = sourcecode.swift; path = DeveloperPreview.swift; sourceTree = "<group>"; };
		F10ABE842C48359700FF52DF /* CharacterViewModel.swift */ = {isa = PBXFileReference; lastKnownFileType = sourcecode.swift; path = CharacterViewModel.swift; sourceTree = "<group>"; };
		F15C14092C49402C0082F879 /* NetworkingErrors.swift */ = {isa = PBXFileReference; lastKnownFileType = sourcecode.swift; path = NetworkingErrors.swift; sourceTree = "<group>"; };
		F167363D2C4962B900E951BC /* DetailView.swift */ = {isa = PBXFileReference; lastKnownFileType = sourcecode.swift; path = DetailView.swift; sourceTree = "<group>"; };
		F16FE8072C47C68A001F8770 /* Rick and Morty Characters.app */ = {isa = PBXFileReference; explicitFileType = wrapper.application; includeInIndex = 0; path = "Rick and Morty Characters.app"; sourceTree = BUILT_PRODUCTS_DIR; };
		F16FE80A2C47C68A001F8770 /* RickAndMortyCharactersApp.swift */ = {isa = PBXFileReference; lastKnownFileType = sourcecode.swift; path = RickAndMortyCharactersApp.swift; sourceTree = "<group>"; };
		F16FE80C2C47C68A001F8770 /* CharactersView.swift */ = {isa = PBXFileReference; lastKnownFileType = sourcecode.swift; path = CharactersView.swift; sourceTree = "<group>"; };
		F16FE80E2C47C68C001F8770 /* Assets.xcassets */ = {isa = PBXFileReference; lastKnownFileType = folder.assetcatalog; path = Assets.xcassets; sourceTree = "<group>"; };
		F16FE8112C47C68C001F8770 /* Preview Assets.xcassets */ = {isa = PBXFileReference; lastKnownFileType = folder.assetcatalog; path = "Preview Assets.xcassets"; sourceTree = "<group>"; };
		F16FE81E2C47DCD4001F8770 /* CharacterModel.swift */ = {isa = PBXFileReference; lastKnownFileType = sourcecode.swift; path = CharacterModel.swift; sourceTree = "<group>"; };
		F16FE8212C480B09001F8770 /* Color.swift */ = {isa = PBXFileReference; lastKnownFileType = sourcecode.swift; path = Color.swift; sourceTree = "<group>"; };
		F1A203022C49C769000BC34B /* LocalFileManager.swift */ = {isa = PBXFileReference; lastKnownFileType = sourcecode.swift; path = LocalFileManager.swift; sourceTree = "<group>"; };
		F1A203042C49CB87000BC34B /* CharacterImageViewModel.swift */ = {isa = PBXFileReference; lastKnownFileType = sourcecode.swift; path = CharacterImageViewModel.swift; sourceTree = "<group>"; };
		F1A203062C49D37F000BC34B /* CharacterImageView.swift */ = {isa = PBXFileReference; lastKnownFileType = sourcecode.swift; path = CharacterImageView.swift; sourceTree = "<group>"; };
		F1A203082C49E8FF000BC34B /* EpisodesViewModel.swift */ = {isa = PBXFileReference; lastKnownFileType = sourcecode.swift; path = EpisodesViewModel.swift; sourceTree = "<group>"; };
		F1A21CE02C4A8AF300743ED0 /* FilterView.swift */ = {isa = PBXFileReference; lastKnownFileType = sourcecode.swift; path = FilterView.swift; sourceTree = "<group>"; };
		F1A21CE22C4AA43D00743ED0 /* NothingFoundView.swift */ = {isa = PBXFileReference; lastKnownFileType = sourcecode.swift; path = NothingFoundView.swift; sourceTree = "<group>"; };
		F1A21CE42C4AB0D300743ED0 /* FilterViewModel.swift */ = {isa = PBXFileReference; lastKnownFileType = sourcecode.swift; path = FilterViewModel.swift; sourceTree = "<group>"; };
		F1D4BD702C4854CC00877C97 /* InfoModel.swift */ = {isa = PBXFileReference; lastKnownFileType = sourcecode.swift; path = InfoModel.swift; sourceTree = "<group>"; };
		F1D4D7962C4A7A9000F3623F /* FilterBarView.swift */ = {isa = PBXFileReference; lastKnownFileType = sourcecode.swift; path = FilterBarView.swift; sourceTree = "<group>"; };
		F1E4A72B2C4D7F3300821D7A /* NavigationController.swift */ = {isa = PBXFileReference; lastKnownFileType = sourcecode.swift; path = NavigationController.swift; sourceTree = "<group>"; };
		F1FA13C02C4AB4E700644061 /* LaunchScreen.storyboard */ = {isa = PBXFileReference; lastKnownFileType = file.storyboard; path = LaunchScreen.storyboard; sourceTree = "<group>"; };
		F1FA13C22C4AB9F200644061 /* NetworkErrorView.swift */ = {isa = PBXFileReference; lastKnownFileType = sourcecode.swift; path = NetworkErrorView.swift; sourceTree = "<group>"; };
		F1FA13C42C4ABD6C00644061 /* NetworkMonitor.swift */ = {isa = PBXFileReference; lastKnownFileType = sourcecode.swift; path = NetworkMonitor.swift; sourceTree = "<group>"; };
/* End PBXFileReference section */

/* Begin PBXFrameworksBuildPhase section */
		F16FE8042C47C68A001F8770 /* Frameworks */ = {
			isa = PBXFrameworksBuildPhase;
			buildActionMask = 2147483647;
			files = (
			);
			runOnlyForDeploymentPostprocessing = 0;
		};
/* End PBXFrameworksBuildPhase section */

/* Begin PBXGroup section */
		F10ABE862C48398F00FF52DF /* Utilities */ = {
			isa = PBXGroup;
			children = (
				F10ABE822C4826F900FF52DF /* DeveloperPreview.swift */,
				F1A203022C49C769000BC34B /* LocalFileManager.swift */,
			);
			path = Utilities;
			sourceTree = "<group>";
		};
		F16FE7FE2C47C68A001F8770 = {
			isa = PBXGroup;
			children = (
				F16FE8092C47C68A001F8770 /* Rick and Morty Characters */,
				F16FE8082C47C68A001F8770 /* Products */,
			);
			sourceTree = "<group>";
		};
		F16FE8082C47C68A001F8770 /* Products */ = {
			isa = PBXGroup;
			children = (
				F16FE8072C47C68A001F8770 /* Rick and Morty Characters.app */,
			);
			name = Products;
			sourceTree = "<group>";
		};
		F16FE8092C47C68A001F8770 /* Rick and Morty Characters */ = {
			isa = PBXGroup;
			children = (
				F16FE80A2C47C68A001F8770 /* RickAndMortyCharactersApp.swift */,
				F16FE81A2C47DB15001F8770 /* Models */,
				F16FE81B2C47DB1F001F8770 /* Views */,
				F16FE81C2C47DB36001F8770 /* ViewModels */,
				F16FE81D2C47DB7A001F8770 /* Services */,
				F16FE8202C480AE6001F8770 /* Extensions */,
				F10ABE862C48398F00FF52DF /* Utilities */,
				F16FE80E2C47C68C001F8770 /* Assets.xcassets */,
				F16FE8102C47C68C001F8770 /* Preview Content */,
			);
			path = "Rick and Morty Characters";
			sourceTree = "<group>";
		};
		F16FE8102C47C68C001F8770 /* Preview Content */ = {
			isa = PBXGroup;
			children = (
				F16FE8112C47C68C001F8770 /* Preview Assets.xcassets */,
			);
			path = "Preview Content";
			sourceTree = "<group>";
		};
		F16FE81A2C47DB15001F8770 /* Models */ = {
			isa = PBXGroup;
			children = (
				F16FE81E2C47DCD4001F8770 /* CharacterModel.swift */,
				F10ABE7E2C48241400FF52DF /* EpisodeModel.swift */,
				F1D4BD702C4854CC00877C97 /* InfoModel.swift */,
			);
			path = Models;
			sourceTree = "<group>";
		};
		F16FE81B2C47DB1F001F8770 /* Views */ = {
			isa = PBXGroup;
			children = (
				F16FE80C2C47C68A001F8770 /* CharactersView.swift */,
				F167363D2C4962B900E951BC /* DetailView.swift */,
				F1FA13C22C4AB9F200644061 /* NetworkErrorView.swift */,
				F1D4D7952C4A7A2D00F3623F /* Components */,
			);
			path = Views;
			sourceTree = "<group>";
		};
		F16FE81C2C47DB36001F8770 /* ViewModels */ = {
			isa = PBXGroup;
			children = (
				F10ABE842C48359700FF52DF /* CharacterViewModel.swift */,
				F1A203042C49CB87000BC34B /* CharacterImageViewModel.swift */,
				F1A203082C49E8FF000BC34B /* EpisodesViewModel.swift */,
				F1A21CE42C4AB0D300743ED0 /* FilterViewModel.swift */,
			);
			path = ViewModels;
			sourceTree = "<group>";
		};
		F16FE81D2C47DB7A001F8770 /* Services */ = {
			isa = PBXGroup;
			children = (
				F15C14092C49402C0082F879 /* NetworkingErrors.swift */,
				F1FA13C42C4ABD6C00644061 /* NetworkMonitor.swift */,
			);
			path = Services;
			sourceTree = "<group>";
		};
		F16FE8202C480AE6001F8770 /* Extensions */ = {
			isa = PBXGroup;
			children = (
				F16FE8212C480B09001F8770 /* Color.swift */,
				F1E4A72B2C4D7F3300821D7A /* NavigationController.swift */,
			);
			path = Extensions;
			sourceTree = "<group>";
		};
		F1D4D7952C4A7A2D00F3623F /* Components */ = {
			isa = PBXGroup;
			children = (
				F10ABE802C48269500FF52DF /* CharacterRowView.swift */,
				F1A203062C49D37F000BC34B /* CharacterImageView.swift */,
				F1D4D7962C4A7A9000F3623F /* FilterBarView.swift */,
				F1A21CE02C4A8AF300743ED0 /* FilterView.swift */,
				F1A21CE22C4AA43D00743ED0 /* NothingFoundView.swift */,
				F1FA13C02C4AB4E700644061 /* LaunchScreen.storyboard */,
			);
			path = Components;
			sourceTree = "<group>";
		};
/* End PBXGroup section */

/* Begin PBXNativeTarget section */
		F16FE8062C47C68A001F8770 /* Rick and Morty Characters */ = {
			isa = PBXNativeTarget;
			buildConfigurationList = F16FE8152C47C68C001F8770 /* Build configuration list for PBXNativeTarget "Rick and Morty Characters" */;
			buildPhases = (
				F16FE8032C47C68A001F8770 /* Sources */,
				F16FE8042C47C68A001F8770 /* Frameworks */,
				F16FE8052C47C68A001F8770 /* Resources */,
			);
			buildRules = (
			);
			dependencies = (
			);
			name = "Rick and Morty Characters";
			productName = "Rick and Morty Characters";
			productReference = F16FE8072C47C68A001F8770 /* Rick and Morty Characters.app */;
			productType = "com.apple.product-type.application";
		};
/* End PBXNativeTarget section */

/* Begin PBXProject section */
		F16FE7FF2C47C68A001F8770 /* Project object */ = {
			isa = PBXProject;
			attributes = {
				BuildIndependentTargetsInParallel = 1;
				LastSwiftUpdateCheck = 1540;
				LastUpgradeCheck = 1540;
				TargetAttributes = {
					F16FE8062C47C68A001F8770 = {
						CreatedOnToolsVersion = 15.4;
					};
				};
			};
			buildConfigurationList = F16FE8022C47C68A001F8770 /* Build configuration list for PBXProject "Rick and Morty Characters" */;
			compatibilityVersion = "Xcode 14.0";
			developmentRegion = en;
			hasScannedForEncodings = 0;
			knownRegions = (
				en,
				Base,
			);
			mainGroup = F16FE7FE2C47C68A001F8770;
			productRefGroup = F16FE8082C47C68A001F8770 /* Products */;
			projectDirPath = "";
			projectRoot = "";
			targets = (
				F16FE8062C47C68A001F8770 /* Rick and Morty Characters */,
			);
		};
/* End PBXProject section */

/* Begin PBXResourcesBuildPhase section */
		F16FE8052C47C68A001F8770 /* Resources */ = {
			isa = PBXResourcesBuildPhase;
			buildActionMask = 2147483647;
			files = (
				F1FA13C12C4AB4E700644061 /* LaunchScreen.storyboard in Resources */,
				F16FE8122C47C68C001F8770 /* Preview Assets.xcassets in Resources */,
				F16FE80F2C47C68C001F8770 /* Assets.xcassets in Resources */,
			);
			runOnlyForDeploymentPostprocessing = 0;
		};
/* End PBXResourcesBuildPhase section */

/* Begin PBXSourcesBuildPhase section */
		F16FE8032C47C68A001F8770 /* Sources */ = {
			isa = PBXSourcesBuildPhase;
			buildActionMask = 2147483647;
			files = (
				F1FA13C32C4AB9F200644061 /* NetworkErrorView.swift in Sources */,
				F16FE80D2C47C68A001F8770 /* CharactersView.swift in Sources */,
				F10ABE7F2C48241400FF52DF /* EpisodeModel.swift in Sources */,
				F1A203092C49E900000BC34B /* EpisodesViewModel.swift in Sources */,
				F1A203032C49C769000BC34B /* LocalFileManager.swift in Sources */,
				F15C140A2C49402C0082F879 /* NetworkingErrors.swift in Sources */,
				F1A203052C49CB87000BC34B /* CharacterImageViewModel.swift in Sources */,
				F1A21CE52C4AB0D300743ED0 /* FilterViewModel.swift in Sources */,
				F16FE80B2C47C68A001F8770 /* RickAndMortyCharactersApp.swift in Sources */,
				F1A21CE12C4A8AF300743ED0 /* FilterView.swift in Sources */,
				F16FE8222C480B09001F8770 /* Color.swift in Sources */,
				F1E4A72C2C4D7F3300821D7A /* NavigationController.swift in Sources */,
				F1A21CE32C4AA43D00743ED0 /* NothingFoundView.swift in Sources */,
				F10ABE852C48359700FF52DF /* CharacterViewModel.swift in Sources */,
				F10ABE812C48269500FF52DF /* CharacterRowView.swift in Sources */,
				F1D4D7972C4A7A9000F3623F /* FilterBarView.swift in Sources */,
				F16FE81F2C47DCD4001F8770 /* CharacterModel.swift in Sources */,
				F10ABE832C4826F900FF52DF /* DeveloperPreview.swift in Sources */,
				F167363E2C4962B900E951BC /* DetailView.swift in Sources */,
				F1D4BD712C4854CC00877C97 /* InfoModel.swift in Sources */,
				F1A203072C49D37F000BC34B /* CharacterImageView.swift in Sources */,
				F1FA13C52C4ABD6C00644061 /* NetworkMonitor.swift in Sources */,
			);
			runOnlyForDeploymentPostprocessing = 0;
		};
/* End PBXSourcesBuildPhase section */

/* Begin XCBuildConfiguration section */
		F16FE8132C47C68C001F8770 /* Debug */ = {
			isa = XCBuildConfiguration;
			buildSettings = {
				ALWAYS_SEARCH_USER_PATHS = NO;
				ASSETCATALOG_COMPILER_GENERATE_SWIFT_ASSET_SYMBOL_EXTENSIONS = YES;
				CLANG_ANALYZER_NONNULL = YES;
				CLANG_ANALYZER_NUMBER_OBJECT_CONVERSION = YES_AGGRESSIVE;
				CLANG_CXX_LANGUAGE_STANDARD = "gnu++20";
				CLANG_ENABLE_MODULES = YES;
				CLANG_ENABLE_OBJC_ARC = YES;
				CLANG_ENABLE_OBJC_WEAK = YES;
				CLANG_WARN_BLOCK_CAPTURE_AUTORELEASING = YES;
				CLANG_WARN_BOOL_CONVERSION = YES;
				CLANG_WARN_COMMA = YES;
				CLANG_WARN_CONSTANT_CONVERSION = YES;
				CLANG_WARN_DEPRECATED_OBJC_IMPLEMENTATIONS = YES;
				CLANG_WARN_DIRECT_OBJC_ISA_USAGE = YES_ERROR;
				CLANG_WARN_DOCUMENTATION_COMMENTS = YES;
				CLANG_WARN_EMPTY_BODY = YES;
				CLANG_WARN_ENUM_CONVERSION = YES;
				CLANG_WARN_INFINITE_RECURSION = YES;
				CLANG_WARN_INT_CONVERSION = YES;
				CLANG_WARN_NON_LITERAL_NULL_CONVERSION = YES;
				CLANG_WARN_OBJC_IMPLICIT_RETAIN_SELF = YES;
				CLANG_WARN_OBJC_LITERAL_CONVERSION = YES;
				CLANG_WARN_OBJC_ROOT_CLASS = YES_ERROR;
				CLANG_WARN_QUOTED_INCLUDE_IN_FRAMEWORK_HEADER = YES;
				CLANG_WARN_RANGE_LOOP_ANALYSIS = YES;
				CLANG_WARN_STRICT_PROTOTYPES = YES;
				CLANG_WARN_SUSPICIOUS_MOVE = YES;
				CLANG_WARN_UNGUARDED_AVAILABILITY = YES_AGGRESSIVE;
				CLANG_WARN_UNREACHABLE_CODE = YES;
				CLANG_WARN__DUPLICATE_METHOD_MATCH = YES;
				COPY_PHASE_STRIP = NO;
				DEBUG_INFORMATION_FORMAT = dwarf;
				ENABLE_STRICT_OBJC_MSGSEND = YES;
				ENABLE_TESTABILITY = YES;
				ENABLE_USER_SCRIPT_SANDBOXING = YES;
				GCC_C_LANGUAGE_STANDARD = gnu17;
				GCC_DYNAMIC_NO_PIC = NO;
				GCC_NO_COMMON_BLOCKS = YES;
				GCC_OPTIMIZATION_LEVEL = 0;
				GCC_PREPROCESSOR_DEFINITIONS = (
					"DEBUG=1",
					"$(inherited)",
				);
				GCC_WARN_64_TO_32_BIT_CONVERSION = YES;
				GCC_WARN_ABOUT_RETURN_TYPE = YES_ERROR;
				GCC_WARN_UNDECLARED_SELECTOR = YES;
				GCC_WARN_UNINITIALIZED_AUTOS = YES_AGGRESSIVE;
				GCC_WARN_UNUSED_FUNCTION = YES;
				GCC_WARN_UNUSED_VARIABLE = YES;
				IPHONEOS_DEPLOYMENT_TARGET = 17.5;
				LOCALIZATION_PREFERS_STRING_CATALOGS = YES;
				MTL_ENABLE_DEBUG_INFO = INCLUDE_SOURCE;
				MTL_FAST_MATH = YES;
				ONLY_ACTIVE_ARCH = YES;
				SDKROOT = iphoneos;
				SWIFT_ACTIVE_COMPILATION_CONDITIONS = "DEBUG $(inherited)";
				SWIFT_OPTIMIZATION_LEVEL = "-Onone";
			};
			name = Debug;
		};
		F16FE8142C47C68C001F8770 /* Release */ = {
			isa = XCBuildConfiguration;
			buildSettings = {
				ALWAYS_SEARCH_USER_PATHS = NO;
				ASSETCATALOG_COMPILER_GENERATE_SWIFT_ASSET_SYMBOL_EXTENSIONS = YES;
				CLANG_ANALYZER_NONNULL = YES;
				CLANG_ANALYZER_NUMBER_OBJECT_CONVERSION = YES_AGGRESSIVE;
				CLANG_CXX_LANGUAGE_STANDARD = "gnu++20";
				CLANG_ENABLE_MODULES = YES;
				CLANG_ENABLE_OBJC_ARC = YES;
				CLANG_ENABLE_OBJC_WEAK = YES;
				CLANG_WARN_BLOCK_CAPTURE_AUTORELEASING = YES;
				CLANG_WARN_BOOL_CONVERSION = YES;
				CLANG_WARN_COMMA = YES;
				CLANG_WARN_CONSTANT_CONVERSION = YES;
				CLANG_WARN_DEPRECATED_OBJC_IMPLEMENTATIONS = YES;
				CLANG_WARN_DIRECT_OBJC_ISA_USAGE = YES_ERROR;
				CLANG_WARN_DOCUMENTATION_COMMENTS = YES;
				CLANG_WARN_EMPTY_BODY = YES;
				CLANG_WARN_ENUM_CONVERSION = YES;
				CLANG_WARN_INFINITE_RECURSION = YES;
				CLANG_WARN_INT_CONVERSION = YES;
				CLANG_WARN_NON_LITERAL_NULL_CONVERSION = YES;
				CLANG_WARN_OBJC_IMPLICIT_RETAIN_SELF = YES;
				CLANG_WARN_OBJC_LITERAL_CONVERSION = YES;
				CLANG_WARN_OBJC_ROOT_CLASS = YES_ERROR;
				CLANG_WARN_QUOTED_INCLUDE_IN_FRAMEWORK_HEADER = YES;
				CLANG_WARN_RANGE_LOOP_ANALYSIS = YES;
				CLANG_WARN_STRICT_PROTOTYPES = YES;
				CLANG_WARN_SUSPICIOUS_MOVE = YES;
				CLANG_WARN_UNGUARDED_AVAILABILITY = YES_AGGRESSIVE;
				CLANG_WARN_UNREACHABLE_CODE = YES;
				CLANG_WARN__DUPLICATE_METHOD_MATCH = YES;
				COPY_PHASE_STRIP = NO;
				DEBUG_INFORMATION_FORMAT = "dwarf-with-dsym";
				ENABLE_NS_ASSERTIONS = NO;
				ENABLE_STRICT_OBJC_MSGSEND = YES;
				ENABLE_USER_SCRIPT_SANDBOXING = YES;
				GCC_C_LANGUAGE_STANDARD = gnu17;
				GCC_NO_COMMON_BLOCKS = YES;
				GCC_WARN_64_TO_32_BIT_CONVERSION = YES;
				GCC_WARN_ABOUT_RETURN_TYPE = YES_ERROR;
				GCC_WARN_UNDECLARED_SELECTOR = YES;
				GCC_WARN_UNINITIALIZED_AUTOS = YES_AGGRESSIVE;
				GCC_WARN_UNUSED_FUNCTION = YES;
				GCC_WARN_UNUSED_VARIABLE = YES;
				IPHONEOS_DEPLOYMENT_TARGET = 17.5;
				LOCALIZATION_PREFERS_STRING_CATALOGS = YES;
				MTL_ENABLE_DEBUG_INFO = NO;
				MTL_FAST_MATH = YES;
				SDKROOT = iphoneos;
				SWIFT_COMPILATION_MODE = wholemodule;
				VALIDATE_PRODUCT = YES;
			};
			name = Release;
		};
		F16FE8162C47C68C001F8770 /* Debug */ = {
			isa = XCBuildConfiguration;
			buildSettings = {
				ASSETCATALOG_COMPILER_APPICON_NAME = AppIcon;
				ASSETCATALOG_COMPILER_GLOBAL_ACCENT_COLOR_NAME = AccentColor;
				CODE_SIGN_STYLE = Automatic;
				CURRENT_PROJECT_VERSION = 1;
				DEVELOPMENT_ASSET_PATHS = "\"Rick and Morty Characters/Preview Content\"";
				DEVELOPMENT_TEAM = C53A58UGVG;
				ENABLE_PREVIEWS = YES;
				GENERATE_INFOPLIST_FILE = YES;
				INFOPLIST_FILE = "Rick-and-Morty-Characters-Info.plist";
				INFOPLIST_KEY_CFBundleDisplayName = "Рик и Морти";
				INFOPLIST_KEY_LSApplicationCategoryType = "public.app-category.entertainment";
				INFOPLIST_KEY_UIApplicationSceneManifest_Generation = YES;
				INFOPLIST_KEY_UIApplicationSupportsIndirectInputEvents = YES;
				INFOPLIST_KEY_UILaunchStoryboardName = LaunchScreen.storyboard;
				INFOPLIST_KEY_UIStatusBarHidden = NO;
				INFOPLIST_KEY_UIStatusBarStyle = UIStatusBarStyleDarkContent;
				INFOPLIST_KEY_UISupportedInterfaceOrientations = UIInterfaceOrientationPortrait;
				LD_RUNPATH_SEARCH_PATHS = (
					"$(inherited)",
					"@executable_path/Frameworks",
				);
				MARKETING_VERSION = 1.0;
				PRODUCT_BUNDLE_IDENTIFIER = "com.ravil.Rick-and-Morty-Characters";
				PRODUCT_NAME = "$(TARGET_NAME)";
				SUPPORTED_PLATFORMS = "iphoneos iphonesimulator";
				SUPPORTS_MACCATALYST = NO;
				SUPPORTS_XR_DESIGNED_FOR_IPHONE_IPAD = NO;
				SWIFT_EMIT_LOC_STRINGS = YES;
				SWIFT_VERSION = 5.0;
				TARGETED_DEVICE_FAMILY = 1;
			};
			name = Debug;
		};
		F16FE8172C47C68C001F8770 /* Release */ = {
			isa = XCBuildConfiguration;
			buildSettings = {
				ASSETCATALOG_COMPILER_APPICON_NAME = AppIcon;
				ASSETCATALOG_COMPILER_GLOBAL_ACCENT_COLOR_NAME = AccentColor;
				CODE_SIGN_STYLE = Automatic;
				CURRENT_PROJECT_VERSION = 1;
				DEVELOPMENT_ASSET_PATHS = "\"Rick and Morty Characters/Preview Content\"";
				DEVELOPMENT_TEAM = C53A58UGVG;
				ENABLE_PREVIEWS = YES;
				GENERATE_INFOPLIST_FILE = YES;
				INFOPLIST_FILE = "Rick-and-Morty-Characters-Info.plist";
				INFOPLIST_KEY_CFBundleDisplayName = "Рик и Морти";
				INFOPLIST_KEY_LSApplicationCategoryType = "public.app-category.entertainment";
				INFOPLIST_KEY_UIApplicationSceneManifest_Generation = YES;
				INFOPLIST_KEY_UIApplicationSupportsIndirectInputEvents = YES;
				INFOPLIST_KEY_UILaunchStoryboardName = LaunchScreen.storyboard;
				INFOPLIST_KEY_UIStatusBarHidden = NO;
				INFOPLIST_KEY_UIStatusBarStyle = UIStatusBarStyleDarkContent;
				INFOPLIST_KEY_UISupportedInterfaceOrientations = UIInterfaceOrientationPortrait;
				LD_RUNPATH_SEARCH_PATHS = (
					"$(inherited)",
					"@executable_path/Frameworks",
				);
				MARKETING_VERSION = 1.0;
				PRODUCT_BUNDLE_IDENTIFIER = "com.ravil.Rick-and-Morty-Characters";
				PRODUCT_NAME = "$(TARGET_NAME)";
				SUPPORTED_PLATFORMS = "iphoneos iphonesimulator";
				SUPPORTS_MACCATALYST = NO;
				SUPPORTS_XR_DESIGNED_FOR_IPHONE_IPAD = NO;
				SWIFT_EMIT_LOC_STRINGS = YES;
				SWIFT_VERSION = 5.0;
				TARGETED_DEVICE_FAMILY = 1;
			};
			name = Release;
		};
/* End XCBuildConfiguration section */

/* Begin XCConfigurationList section */
		F16FE8022C47C68A001F8770 /* Build configuration list for PBXProject "Rick and Morty Characters" */ = {
			isa = XCConfigurationList;
			buildConfigurations = (
				F16FE8132C47C68C001F8770 /* Debug */,
				F16FE8142C47C68C001F8770 /* Release */,
			);
			defaultConfigurationIsVisible = 0;
			defaultConfigurationName = Release;
		};
		F16FE8152C47C68C001F8770 /* Build configuration list for PBXNativeTarget "Rick and Morty Characters" */ = {
			isa = XCConfigurationList;
			buildConfigurations = (
				F16FE8162C47C68C001F8770 /* Debug */,
				F16FE8172C47C68C001F8770 /* Release */,
			);
			defaultConfigurationIsVisible = 0;
			defaultConfigurationName = Release;
		};
/* End XCConfigurationList section */
	};
	rootObject = F16FE7FF2C47C68A001F8770 /* Project object */;
}
